
Microsoft Visual Studio Solution File, Format Version 12.00
# Visual Studio 14
VisualStudioVersion = 14.0.23107.0
MinimumVisualStudioVersion = 10.0.40219.1
Project("{FAE04EC0-301F-11D3-BF4B-00C04F79EFBC}") = "OpenLocationCode", "OpenLocationCode\OpenLocationCode.csproj", "{19EBC270-144D-401A-999B-A76CEBEA915C}"
EndProject
Project("{FAE04EC0-301F-11D3-BF4B-00C04F79EFBC}") = "OpenLocationCode.Test", "OpenLocationCode.Test\OpenLocationCode.Test.csproj", "{F4204243-E626-4339-B65B-B97F720898E7}"
EndProject
Global
	GlobalSection(SolutionConfigurationPlatforms) = preSolution
		Debug|Any CPU = Debug|Any CPU
		Release|Any CPU = Release|Any CPU
	EndGlobalSection
	GlobalSection(ProjectConfigurationPlatforms) = postSolution
		{19EBC270-144D-401A-999B-A76CEBEA915C}.Debug|Any CPU.ActiveCfg = Debug|Any CPU
		{19EBC270-144D-401A-999B-A76CEBEA915C}.Debug|Any CPU.Build.0 = Debug|Any CPU
		{19EBC270-144D-401A-999B-A76CEBEA915C}.Release|Any CPU.ActiveCfg = Release|Any CPU
		{19EBC270-144D-401A-999B-A76CEBEA915C}.Release|Any CPU.Build.0 = Release|Any CPU
		{F4204243-E626-4339-B65B-B97F720898E7}.Debug|Any CPU.ActiveCfg = Debug|Any CPU
		{F4204243-E626-4339-B65B-B97F720898E7}.Debug|Any CPU.Build.0 = Debug|Any CPU
		{F4204243-E626-4339-B65B-B97F720898E7}.Release|Any CPU.ActiveCfg = Release|Any CPU
		{F4204243-E626-4339-B65B-B97F720898E7}.Release|Any CPU.Build.0 = Release|Any CPU
	EndGlobalSection
	GlobalSection(SolutionProperties) = preSolution
		HideSolutionNode = FALSE
	EndGlobalSection
EndGlobal
